
Microsoft Visual Studio Solution File, Format Version 12.00
# Visual Studio Version 17
VisualStudioVersion = 17.8.34330.188
MinimumVisualStudioVersion = 10.0.40219.1
Project("{FAE04EC0-301F-11D3-BF4B-00C04F79EFBC}") = "ProjectFinal", "ProjectFinal\ProjectFinal.csproj", "{A8F5B7B8-E985-499A-808C-3AA6FF5223B2}"
EndProject
Global
	GlobalSection(SolutionConfigurationPlatforms) = preSolution
		Debug|Any CPU = Debug|Any CPU
		Release|Any CPU = Release|Any CPU
	EndGlobalSection
	GlobalSection(ProjectConfigurationPlatforms) = postSolution
		{A8F5B7B8-E985-499A-808C-3AA6FF5223B2}.Debug|Any CPU.ActiveCfg = Debug|Any CPU
		{A8F5B7B8-E985-499A-808C-3AA6FF5223B2}.Debug|Any CPU.Build.0 = Debug|Any CPU
		{A8F5B7B8-E985-499A-808C-3AA6FF5223B2}.Release|Any CPU.ActiveCfg = Release|Any CPU
		{A8F5B7B8-E985-499A-808C-3AA6FF5223B2}.Release|Any CPU.Build.0 = Release|Any CPU
	EndGlobalSection
	GlobalSection(SolutionProperties) = preSolution
		HideSolutionNode = FALSE
	EndGlobalSection
	GlobalSection(ExtensibilityGlobals) = postSolution
		SolutionGuid = {4AA7B20C-EA59-4044-A681-5BCEDCD366FD}
	EndGlobalSection
EndGlobal
